// !$*UTF8*$!
{
	archiveVersion = 1;
	classes = {
	};
	objectVersion = 54;
	objects = {

/* Begin PBXBuildFile section */
		84DC10B6216681E40073B9A8 /* AppDelegate.swift in Sources */ = {isa = PBXBuildFile; fileRef = 84DC10B5216681E40073B9A8 /* AppDelegate.swift */; };
		84DC10B8216681E40073B9A8 /* ViewController.swift in Sources */ = {isa = PBXBuildFile; fileRef = 84DC10B7216681E40073B9A8 /* ViewController.swift */; };
		84DC10BB216681E40073B9A8 /* Main.storyboard in Resources */ = {isa = PBXBuildFile; fileRef = 84DC10B9216681E40073B9A8 /* Main.storyboard */; };
		84DC10BD216681E60073B9A8 /* Assets.xcassets in Resources */ = {isa = PBXBuildFile; fileRef = 84DC10BC216681E60073B9A8 /* Assets.xcassets */; };
		84DC10C0216681E60073B9A8 /* LaunchScreen.storyboard in Resources */ = {isa = PBXBuildFile; fileRef = 84DC10BE216681E60073B9A8 /* LaunchScreen.storyboard */; };
		8C302F9D2C2E957600508D4F /* custom_y_axis.js in Resources */ = {isa = PBXBuildFile; fileRef = 8C302F9C2C2E957600508D4F /* custom_y_axis.js */; };
		8C302FA72C2E96C200508D4F /* datafeed.js in Resources */ = {isa = PBXBuildFile; fileRef = 8C302FA62C2E96C200508D4F /* datafeed.js */; };
		8C302FA92C2E97A600508D4F /* custom_crosshair.css in Resources */ = {isa = PBXBuildFile; fileRef = 8C302FA82C2E97A600508D4F /* custom_crosshair.css */; };
		8C302FAB2C2E999E00508D4F /* custom_crosshair.js in Resources */ = {isa = PBXBuildFile; fileRef = 8C302FAA2C2E999E00508D4F /* custom_crosshair.js */; };
		8CB00A472BE9CE9F00BF4437 /* PanModal in Frameworks */ = {isa = PBXBuildFile; productRef = 8CB00A462BE9CE9F00BF4437 /* PanModal */; };
		8CB00A492BE9CEED00BF4437 /* DrawToolBottomSheetViewController.swift in Sources */ = {isa = PBXBuildFile; fileRef = 8CB00A482BE9CEED00BF4437 /* DrawToolBottomSheetViewController.swift */; };
		D4F905EB2BCFCCED003CD998 /* featuresets.html in Resources */ = {isa = PBXBuildFile; fileRef = D4F905DC2BCFCCED003CD998 /* featuresets.html */; };
		D4F905EC2BCFCCED003CD998 /* CONTRIBUTING.md in Resources */ = {isa = PBXBuildFile; fileRef = D4F905DD2BCFCCED003CD998 /* CONTRIBUTING.md */; };
		D4F905ED2BCFCCED003CD998 /* datafeeds in Resources */ = {isa = PBXBuildFile; fileRef = D4F905DE2BCFCCED003CD998 /* datafeeds */; };
		D4F905EE2BCFCCED003CD998 /* test.html in Resources */ = {isa = PBXBuildFile; fileRef = D4F905DF2BCFCCED003CD998 /* test.html */; };
		D4F905EF2BCFCCED003CD998 /* themed.html in Resources */ = {isa = PBXBuildFile; fileRef = D4F905E12BCFCCED003CD998 /* themed.html */; };
		D4F905F02BCFCCED003CD998 /* checksession.html in Resources */ = {isa = PBXBuildFile; fileRef = D4F905E22BCFCCED003CD998 /* checksession.html */; };
		D4F905F12BCFCCED003CD998 /* package.json in Resources */ = {isa = PBXBuildFile; fileRef = D4F905E32BCFCCED003CD998 /* package.json */; };
		D4F905F22BCFCCED003CD998 /* featuresets.css in Resources */ = {isa = PBXBuildFile; fileRef = D4F905E42BCFCCED003CD998 /* featuresets.css */; };
		D4F905F32BCFCCED003CD998 /* themed.css in Resources */ = {isa = PBXBuildFile; fileRef = D4F905E52BCFCCED003CD998 /* themed.css */; };
		D4F905F42BCFCCED003CD998 /* charting_library in Resources */ = {isa = PBXBuildFile; fileRef = D4F905E62BCFCCED003CD998 /* charting_library */; };
		D4F905F52BCFCCED003CD998 /* mobile_black.html in Resources */ = {isa = PBXBuildFile; fileRef = D4F905E72BCFCCED003CD998 /* mobile_black.html */; };
		D4F905F62BCFCCED003CD998 /* index.html in Resources */ = {isa = PBXBuildFile; fileRef = D4F905E82BCFCCED003CD998 /* index.html */; };
		D4F905F72BCFCCED003CD998 /* mobile_white.html in Resources */ = {isa = PBXBuildFile; fileRef = D4F905E92BCFCCED003CD998 /* mobile_white.html */; };
		D4F905F82BCFCCED003CD998 /* README.md in Resources */ = {isa = PBXBuildFile; fileRef = D4F905EA2BCFCCED003CD998 /* README.md */; };
/* End PBXBuildFile section */

/* Begin PBXFileReference section */
		84DC10B2216681E40073B9A8 /* Example.app */ = {isa = PBXFileReference; explicitFileType = wrapper.application; includeInIndex = 0; path = Example.app; sourceTree = BUILT_PRODUCTS_DIR; };
		84DC10B5216681E40073B9A8 /* AppDelegate.swift */ = {isa = PBXFileReference; lastKnownFileType = sourcecode.swift; path = AppDelegate.swift; sourceTree = "<group>"; };
		84DC10B7216681E40073B9A8 /* ViewController.swift */ = {isa = PBXFileReference; lastKnownFileType = sourcecode.swift; path = ViewController.swift; sourceTree = "<group>"; };
		84DC10BA216681E40073B9A8 /* Base */ = {isa = PBXFileReference; lastKnownFileType = file.storyboard; name = Base; path = Base.lproj/Main.storyboard; sourceTree = "<group>"; };
		84DC10BC216681E60073B9A8 /* Assets.xcassets */ = {isa = PBXFileReference; lastKnownFileType = folder.assetcatalog; path = Assets.xcassets; sourceTree = "<group>"; };
		84DC10BF216681E60073B9A8 /* Base */ = {isa = PBXFileReference; lastKnownFileType = file.storyboard; name = Base; path = Base.lproj/LaunchScreen.storyboard; sourceTree = "<group>"; };
		84DC10C1216681E60073B9A8 /* Info.plist */ = {isa = PBXFileReference; lastKnownFileType = text.plist.xml; path = Info.plist; sourceTree = "<group>"; };
		8C302F9C2C2E957600508D4F /* custom_y_axis.js */ = {isa = PBXFileReference; fileEncoding = 4; lastKnownFileType = sourcecode.javascript; path = custom_y_axis.js; sourceTree = "<group>"; };
		8C302FA62C2E96C200508D4F /* datafeed.js */ = {isa = PBXFileReference; lastKnownFileType = sourcecode.javascript; path = datafeed.js; sourceTree = "<group>"; };
		8C302FA82C2E97A600508D4F /* custom_crosshair.css */ = {isa = PBXFileReference; fileEncoding = 4; lastKnownFileType = text.css; path = custom_crosshair.css; sourceTree = "<group>"; };
		8C302FAA2C2E999E00508D4F /* custom_crosshair.js */ = {isa = PBXFileReference; fileEncoding = 4; lastKnownFileType = sourcecode.javascript; path = custom_crosshair.js; sourceTree = "<group>"; };
		8CB00A482BE9CEED00BF4437 /* DrawToolBottomSheetViewController.swift */ = {isa = PBXFileReference; lastKnownFileType = sourcecode.swift; path = DrawToolBottomSheetViewController.swift; sourceTree = "<group>"; };
		D4F905DC2BCFCCED003CD998 /* featuresets.html */ = {isa = PBXFileReference; fileEncoding = 4; lastKnownFileType = text.html; path = featuresets.html; sourceTree = "<group>"; };
		D4F905DD2BCFCCED003CD998 /* CONTRIBUTING.md */ = {isa = PBXFileReference; fileEncoding = 4; lastKnownFileType = net.daringfireball.markdown; path = CONTRIBUTING.md; sourceTree = "<group>"; };
		D4F905DE2BCFCCED003CD998 /* datafeeds */ = {isa = PBXFileReference; lastKnownFileType = folder; path = datafeeds; sourceTree = "<group>"; };
		D4F905DF2BCFCCED003CD998 /* test.html */ = {isa = PBXFileReference; fileEncoding = 4; lastKnownFileType = text.html; path = test.html; sourceTree = "<group>"; };
		D4F905E02BCFCCED003CD998 /* charting_library.d.ts */ = {isa = PBXFileReference; fileEncoding = 4; lastKnownFileType = sourcecode.typescript; path = charting_library.d.ts; sourceTree = "<group>"; };
		D4F905E12BCFCCED003CD998 /* themed.html */ = {isa = PBXFileReference; fileEncoding = 4; lastKnownFileType = text.html; path = themed.html; sourceTree = "<group>"; };
		D4F905E22BCFCCED003CD998 /* checksession.html */ = {isa = PBXFileReference; fileEncoding = 4; lastKnownFileType = text.html; path = checksession.html; sourceTree = "<group>"; };
		D4F905E32BCFCCED003CD998 /* package.json */ = {isa = PBXFileReference; fileEncoding = 4; lastKnownFileType = text.json; path = package.json; sourceTree = "<group>"; };
		D4F905E42BCFCCED003CD998 /* featuresets.css */ = {isa = PBXFileReference; fileEncoding = 4; lastKnownFileType = text.css; path = featuresets.css; sourceTree = "<group>"; };
		D4F905E52BCFCCED003CD998 /* themed.css */ = {isa = PBXFileReference; fileEncoding = 4; lastKnownFileType = text.css; path = themed.css; sourceTree = "<group>"; };
		D4F905E62BCFCCED003CD998 /* charting_library */ = {isa = PBXFileReference; lastKnownFileType = folder; path = charting_library; sourceTree = "<group>"; };
		D4F905E72BCFCCED003CD998 /* mobile_black.html */ = {isa = PBXFileReference; fileEncoding = 4; lastKnownFileType = text.html; path = mobile_black.html; sourceTree = "<group>"; };
		D4F905E82BCFCCED003CD998 /* index.html */ = {isa = PBXFileReference; fileEncoding = 4; lastKnownFileType = text.html; path = index.html; sourceTree = "<group>"; };
		D4F905E92BCFCCED003CD998 /* mobile_white.html */ = {isa = PBXFileReference; fileEncoding = 4; lastKnownFileType = text.html; path = mobile_white.html; sourceTree = "<group>"; };
		D4F905EA2BCFCCED003CD998 /* README.md */ = {isa = PBXFileReference; fileEncoding = 4; lastKnownFileType = net.daringfireball.markdown; path = README.md; sourceTree = "<group>"; };
/* End PBXFileReference section */

/* Begin PBXFrameworksBuildPhase section */
		84DC10AF216681E40073B9A8 /* Frameworks */ = {
			isa = PBXFrameworksBuildPhase;
			buildActionMask = 2147483647;
			files = (
				8CB00A472BE9CE9F00BF4437 /* PanModal in Frameworks */,
			);
			runOnlyForDeploymentPostprocessing = 0;
		};
/* End PBXFrameworksBuildPhase section */

/* Begin PBXGroup section */
		84DC10A9216681E40073B9A8 = {
			isa = PBXGroup;
			children = (
				84DC10B4216681E40073B9A8 /* App */,
				84DC10B3216681E40073B9A8 /* Products */,
			);
			sourceTree = "<group>";
		};
		84DC10B3216681E40073B9A8 /* Products */ = {
			isa = PBXGroup;
			children = (
				84DC10B2216681E40073B9A8 /* Example.app */,
			);
			name = Products;
			sourceTree = "<group>";
		};
		84DC10B4216681E40073B9A8 /* App */ = {
			isa = PBXGroup;
			children = (
				84DC10B5216681E40073B9A8 /* AppDelegate.swift */,
				84DC10B7216681E40073B9A8 /* ViewController.swift */,
				8CB00A482BE9CEED00BF4437 /* DrawToolBottomSheetViewController.swift */,
				84DC10B9216681E40073B9A8 /* Main.storyboard */,
				84DC10BC216681E60073B9A8 /* Assets.xcassets */,
				84DC10BE216681E60073B9A8 /* LaunchScreen.storyboard */,
				84DC10C1216681E60073B9A8 /* Info.plist */,
				84DC10C72166834E0073B9A8 /* ChartingLibrary */,
			);
			path = App;
			sourceTree = "<group>";
		};
		84DC10C72166834E0073B9A8 /* ChartingLibrary */ = {
			isa = PBXGroup;
			children = (
				D4F905E62BCFCCED003CD998 /* charting_library */,
				D4F905E02BCFCCED003CD998 /* charting_library.d.ts */,
				D4F905E22BCFCCED003CD998 /* checksession.html */,
				D4F905DD2BCFCCED003CD998 /* CONTRIBUTING.md */,
				D4F905DE2BCFCCED003CD998 /* datafeeds */,
				D4F905E42BCFCCED003CD998 /* featuresets.css */,
				D4F905DC2BCFCCED003CD998 /* featuresets.html */,
				8C302FA12C2E961700508D4F /* chief */,
				D4F905E82BCFCCED003CD998 /* index.html */,
				D4F905E72BCFCCED003CD998 /* mobile_black.html */,
				D4F905E92BCFCCED003CD998 /* mobile_white.html */,
				D4F905E32BCFCCED003CD998 /* package.json */,
				D4F905EA2BCFCCED003CD998 /* README.md */,
				D4F905DF2BCFCCED003CD998 /* test.html */,
				D4F905E52BCFCCED003CD998 /* themed.css */,
				D4F905E12BCFCCED003CD998 /* themed.html */,
			);
			path = ChartingLibrary;
			sourceTree = "<group>";
		};
		8C302FA12C2E961700508D4F /* chief */ = {
			isa = PBXGroup;
			children = (
				8C302FA82C2E97A600508D4F /* custom_crosshair.css */,
				8C302FAA2C2E999E00508D4F /* custom_crosshair.js */,
				8C302FA62C2E96C200508D4F /* datafeed.js */,
				8C302F9C2C2E957600508D4F /* custom_y_axis.js */,
			);
			name = chief;
			sourceTree = "<group>";
		};
/* End PBXGroup section */

/* Begin PBXNativeTarget section */
		84DC10B1216681E40073B9A8 /* Example */ = {
			isa = PBXNativeTarget;
			buildConfigurationList = 84DC10C4216681E60073B9A8 /* Build configuration list for PBXNativeTarget "Example" */;
			buildPhases = (
				84DC10AE216681E40073B9A8 /* Sources */,
				84DC10AF216681E40073B9A8 /* Frameworks */,
				84DC10B0216681E40073B9A8 /* Resources */,
				8C347F122C2BF10400FAA79F /* ShellScript */,
			);
			buildRules = (
			);
			dependencies = (
			);
			name = Example;
			packageProductDependencies = (
				8CB00A462BE9CE9F00BF4437 /* PanModal */,
			);
			productName = iOS;
			productReference = 84DC10B2216681E40073B9A8 /* Example.app */;
			productType = "com.apple.product-type.application";
		};
/* End PBXNativeTarget section */

/* Begin PBXProject section */
		84DC10AA216681E40073B9A8 /* Project object */ = {
			isa = PBXProject;
			attributes = {
				LastSwiftUpdateCheck = 1000;
				LastUpgradeCheck = 1000;
				ORGANIZATIONNAME = "Example Inc.";
				TargetAttributes = {
					84DC10B1216681E40073B9A8 = {
						CreatedOnToolsVersion = 10.0;
					};
				};
			};
			buildConfigurationList = 84DC10AD216681E40073B9A8 /* Build configuration list for PBXProject "Example" */;
			compatibilityVersion = "Xcode 9.3";
			developmentRegion = en;
			hasScannedForEncodings = 0;
			knownRegions = (
				en,
				Base,
			);
			mainGroup = 84DC10A9216681E40073B9A8;
			packageReferences = (
				8CB00A452BE9CE9F00BF4437 /* XCRemoteSwiftPackageReference "PanModal" */,
			);
			productRefGroup = 84DC10B3216681E40073B9A8 /* Products */;
			projectDirPath = "";
			projectRoot = "";
			targets = (
				84DC10B1216681E40073B9A8 /* Example */,
			);
		};
/* End PBXProject section */

/* Begin PBXResourcesBuildPhase section */
		84DC10B0216681E40073B9A8 /* Resources */ = {
			isa = PBXResourcesBuildPhase;
			buildActionMask = 2147483647;
			files = (
				8C302F9D2C2E957600508D4F /* custom_y_axis.js in Resources */,
				D4F905F62BCFCCED003CD998 /* index.html in Resources */,
				8C302FAB2C2E999E00508D4F /* custom_crosshair.js in Resources */,
				D4F905F32BCFCCED003CD998 /* themed.css in Resources */,
				D4F905EE2BCFCCED003CD998 /* test.html in Resources */,
				8C302FA72C2E96C200508D4F /* datafeed.js in Resources */,
				84DC10C0216681E60073B9A8 /* LaunchScreen.storyboard in Resources */,
				D4F905F22BCFCCED003CD998 /* featuresets.css in Resources */,
				D4F905F52BCFCCED003CD998 /* mobile_black.html in Resources */,
				D4F905F02BCFCCED003CD998 /* checksession.html in Resources */,
				D4F905F42BCFCCED003CD998 /* charting_library in Resources */,
				84DC10BD216681E60073B9A8 /* Assets.xcassets in Resources */,
				D4F905F12BCFCCED003CD998 /* package.json in Resources */,
				D4F905EC2BCFCCED003CD998 /* CONTRIBUTING.md in Resources */,
				D4F905F82BCFCCED003CD998 /* README.md in Resources */,
				D4F905EB2BCFCCED003CD998 /* featuresets.html in Resources */,
				D4F905F72BCFCCED003CD998 /* mobile_white.html in Resources */,
				D4F905EF2BCFCCED003CD998 /* themed.html in Resources */,
				D4F905ED2BCFCCED003CD998 /* datafeeds in Resources */,
				8C302FA92C2E97A600508D4F /* custom_crosshair.css in Resources */,
				84DC10BB216681E40073B9A8 /* Main.storyboard in Resources */,
			);
			runOnlyForDeploymentPostprocessing = 0;
		};
/* End PBXResourcesBuildPhase section */

/* Begin PBXShellScriptBuildPhase section */
		8C347F122C2BF10400FAA79F /* ShellScript */ = {
			isa = PBXShellScriptBuildPhase;
			buildActionMask = 2147483647;
			files = (
			);
			inputFileListPaths = (
			);
			inputPaths = (
			);
			outputFileListPaths = (
			);
			outputPaths = (
			);
			runOnlyForDeploymentPostprocessing = 0;
			shellPath = /bin/sh;
			shellScript = "
";
		};
/* End PBXShellScriptBuildPhase section */

/* Begin PBXSourcesBuildPhase section */
		84DC10AE216681E40073B9A8 /* Sources */ = {
			isa = PBXSourcesBuildPhase;
			buildActionMask = 2147483647;
			files = (
				84DC10B8216681E40073B9A8 /* ViewController.swift in Sources */,
				8CB00A492BE9CEED00BF4437 /* DrawToolBottomSheetViewController.swift in Sources */,
				84DC10B6216681E40073B9A8 /* AppDelegate.swift in Sources */,
			);
			runOnlyForDeploymentPostprocessing = 0;
		};
/* End PBXSourcesBuildPhase section */

/* Begin PBXVariantGroup section */
		84DC10B9216681E40073B9A8 /* Main.storyboard */ = {
			isa = PBXVariantGroup;
			children = (
				84DC10BA216681E40073B9A8 /* Base */,
			);
			name = Main.storyboard;
			sourceTree = "<group>";
		};
		84DC10BE216681E60073B9A8 /* LaunchScreen.storyboard */ = {
			isa = PBXVariantGroup;
			children = (
				84DC10BF216681E60073B9A8 /* Base */,
			);
			name = LaunchScreen.storyboard;
			sourceTree = "<group>";
		};
/* End PBXVariantGroup section */

/* Begin XCBuildConfiguration section */
		84DC10C2216681E60073B9A8 /* Debug */ = {
			isa = XCBuildConfiguration;
			buildSettings = {
				ALWAYS_SEARCH_USER_PATHS = NO;
				CLANG_ANALYZER_NONNULL = YES;
				CLANG_ANALYZER_NUMBER_OBJECT_CONVERSION = YES_AGGRESSIVE;
				CLANG_CXX_LANGUAGE_STANDARD = "gnu++14";
				CLANG_CXX_LIBRARY = "libc++";
				CLANG_ENABLE_MODULES = YES;
				CLANG_ENABLE_OBJC_ARC = YES;
				CLANG_ENABLE_OBJC_WEAK = YES;
				CLANG_WARN_BLOCK_CAPTURE_AUTORELEASING = YES;
				CLANG_WARN_BOOL_CONVERSION = YES;
				CLANG_WARN_COMMA = YES;
				CLANG_WARN_CONSTANT_CONVERSION = YES;
				CLANG_WARN_DEPRECATED_OBJC_IMPLEMENTATIONS = YES;
				CLANG_WARN_DIRECT_OBJC_ISA_USAGE = YES_ERROR;
				CLANG_WARN_DOCUMENTATION_COMMENTS = YES;
				CLANG_WARN_EMPTY_BODY = YES;
				CLANG_WARN_ENUM_CONVERSION = YES;
				CLANG_WARN_INFINITE_RECURSION = YES;
				CLANG_WARN_INT_CONVERSION = YES;
				CLANG_WARN_NON_LITERAL_NULL_CONVERSION = YES;
				CLANG_WARN_OBJC_IMPLICIT_RETAIN_SELF = YES;
				CLANG_WARN_OBJC_LITERAL_CONVERSION = YES;
				CLANG_WARN_OBJC_ROOT_CLASS = YES_ERROR;
				CLANG_WARN_RANGE_LOOP_ANALYSIS = YES;
				CLANG_WARN_STRICT_PROTOTYPES = YES;
				CLANG_WARN_SUSPICIOUS_MOVE = YES;
				CLANG_WARN_UNGUARDED_AVAILABILITY = YES_AGGRESSIVE;
				CLANG_WARN_UNREACHABLE_CODE = YES;
				CLANG_WARN__DUPLICATE_METHOD_MATCH = YES;
				CODE_SIGN_IDENTITY = "iPhone Developer";
				COPY_PHASE_STRIP = NO;
				DEBUG_INFORMATION_FORMAT = dwarf;
				ENABLE_STRICT_OBJC_MSGSEND = YES;
				ENABLE_TESTABILITY = YES;
				GCC_C_LANGUAGE_STANDARD = gnu11;
				GCC_DYNAMIC_NO_PIC = NO;
				GCC_NO_COMMON_BLOCKS = YES;
				GCC_OPTIMIZATION_LEVEL = 0;
				GCC_PREPROCESSOR_DEFINITIONS = (
					"DEBUG=1",
					"$(inherited)",
				);
				GCC_WARN_64_TO_32_BIT_CONVERSION = YES;
				GCC_WARN_ABOUT_RETURN_TYPE = YES_ERROR;
				GCC_WARN_UNDECLARED_SELECTOR = YES;
				GCC_WARN_UNINITIALIZED_AUTOS = YES_AGGRESSIVE;
				GCC_WARN_UNUSED_FUNCTION = YES;
				GCC_WARN_UNUSED_VARIABLE = YES;
				IPHONEOS_DEPLOYMENT_TARGET = 12.0;
				MTL_ENABLE_DEBUG_INFO = INCLUDE_SOURCE;
				MTL_FAST_MATH = YES;
				ONLY_ACTIVE_ARCH = YES;
				SDKROOT = iphoneos;
				SWIFT_ACTIVE_COMPILATION_CONDITIONS = DEBUG;
				SWIFT_OPTIMIZATION_LEVEL = "-Onone";
			};
			name = Debug;
		};
		84DC10C3216681E60073B9A8 /* Release */ = {
			isa = XCBuildConfiguration;
			buildSettings = {
				ALWAYS_SEARCH_USER_PATHS = NO;
				CLANG_ANALYZER_NONNULL = YES;
				CLANG_ANALYZER_NUMBER_OBJECT_CONVERSION = YES_AGGRESSIVE;
				CLANG_CXX_LANGUAGE_STANDARD = "gnu++14";
				CLANG_CXX_LIBRARY = "libc++";
				CLANG_ENABLE_MODULES = YES;
				CLANG_ENABLE_OBJC_ARC = YES;
				CLANG_ENABLE_OBJC_WEAK = YES;
				CLANG_WARN_BLOCK_CAPTURE_AUTORELEASING = YES;
				CLANG_WARN_BOOL_CONVERSION = YES;
				CLANG_WARN_COMMA = YES;
				CLANG_WARN_CONSTANT_CONVERSION = YES;
				CLANG_WARN_DEPRECATED_OBJC_IMPLEMENTATIONS = YES;
				CLANG_WARN_DIRECT_OBJC_ISA_USAGE = YES_ERROR;
				CLANG_WARN_DOCUMENTATION_COMMENTS = YES;
				CLANG_WARN_EMPTY_BODY = YES;
				CLANG_WARN_ENUM_CONVERSION = YES;
				CLANG_WARN_INFINITE_RECURSION = YES;
				CLANG_WARN_INT_CONVERSION = YES;
				CLANG_WARN_NON_LITERAL_NULL_CONVERSION = YES;
				CLANG_WARN_OBJC_IMPLICIT_RETAIN_SELF = YES;
				CLANG_WARN_OBJC_LITERAL_CONVERSION = YES;
				CLANG_WARN_OBJC_ROOT_CLASS = YES_ERROR;
				CLANG_WARN_RANGE_LOOP_ANALYSIS = YES;
				CLANG_WARN_STRICT_PROTOTYPES = YES;
				CLANG_WARN_SUSPICIOUS_MOVE = YES;
				CLANG_WARN_UNGUARDED_AVAILABILITY = YES_AGGRESSIVE;
				CLANG_WARN_UNREACHABLE_CODE = YES;
				CLANG_WARN__DUPLICATE_METHOD_MATCH = YES;
				CODE_SIGN_IDENTITY = "iPhone Developer";
				COPY_PHASE_STRIP = NO;
				DEBUG_INFORMATION_FORMAT = "dwarf-with-dsym";
				ENABLE_NS_ASSERTIONS = NO;
				ENABLE_STRICT_OBJC_MSGSEND = YES;
				GCC_C_LANGUAGE_STANDARD = gnu11;
				GCC_NO_COMMON_BLOCKS = YES;
				GCC_WARN_64_TO_32_BIT_CONVERSION = YES;
				GCC_WARN_ABOUT_RETURN_TYPE = YES_ERROR;
				GCC_WARN_UNDECLARED_SELECTOR = YES;
				GCC_WARN_UNINITIALIZED_AUTOS = YES_AGGRESSIVE;
				GCC_WARN_UNUSED_FUNCTION = YES;
				GCC_WARN_UNUSED_VARIABLE = YES;
				IPHONEOS_DEPLOYMENT_TARGET = 12.0;
				MTL_ENABLE_DEBUG_INFO = NO;
				MTL_FAST_MATH = YES;
				SDKROOT = iphoneos;
				SWIFT_COMPILATION_MODE = wholemodule;
				SWIFT_OPTIMIZATION_LEVEL = "-O";
				VALIDATE_PRODUCT = YES;
			};
			name = Release;
		};
		84DC10C5216681E60073B9A8 /* Debug */ = {
			isa = XCBuildConfiguration;
			buildSettings = {
				ASSETCATALOG_COMPILER_APPICON_NAME = AppIcon;
				CODE_SIGN_IDENTITY = "Apple Development";
				CODE_SIGN_STYLE = Automatic;
				DEVELOPMENT_TEAM = 7V3JG9AUA5;
				INFOPLIST_FILE = App/Info.plist;
				LD_RUNPATH_SEARCH_PATHS = (
					"$(inherited)",
					"@executable_path/Frameworks",
				);
				PRODUCT_BUNDLE_IDENTIFIER = com.yourcompany.example;
				PRODUCT_NAME = "$(TARGET_NAME)";
				PROVISIONING_PROFILE_SPECIFIER = "";
				SWIFT_VERSION = 4.2;
				TARGETED_DEVICE_FAMILY = "1,2";
			};
			name = Debug;
		};
		84DC10C6216681E60073B9A8 /* Release */ = {
			isa = XCBuildConfiguration;
			buildSettings = {
				ASSETCATALOG_COMPILER_APPICON_NAME = AppIcon;
				CODE_SIGN_IDENTITY = "Apple Development";
				CODE_SIGN_STYLE = Automatic;
				DEVELOPMENT_TEAM = 7V3JG9AUA5;
				INFOPLIST_FILE = App/Info.plist;
				LD_RUNPATH_SEARCH_PATHS = (
					"$(inherited)",
					"@executable_path/Frameworks",
				);
				PRODUCT_BUNDLE_IDENTIFIER = com.yourcompany.example;
				PRODUCT_NAME = "$(TARGET_NAME)";
				PROVISIONING_PROFILE_SPECIFIER = "";
				SWIFT_VERSION = 4.2;
				TARGETED_DEVICE_FAMILY = "1,2";
			};
			name = Release;
		};
/* End XCBuildConfiguration section */

/* Begin XCConfigurationList section */
		84DC10AD216681E40073B9A8 /* Build configuration list for PBXProject "Example" */ = {
			isa = XCConfigurationList;
			buildConfigurations = (
				84DC10C2216681E60073B9A8 /* Debug */,
				84DC10C3216681E60073B9A8 /* Release */,
			);
			defaultConfigurationIsVisible = 0;
			defaultConfigurationName = Release;
		};
		84DC10C4216681E60073B9A8 /* Build configuration list for PBXNativeTarget "Example" */ = {
			isa = XCConfigurationList;
			buildConfigurations = (
				84DC10C5216681E60073B9A8 /* Debug */,
				84DC10C6216681E60073B9A8 /* Release */,
			);
			defaultConfigurationIsVisible = 0;
			defaultConfigurationName = Release;
		};
/* End XCConfigurationList section */

/* Begin XCRemoteSwiftPackageReference section */
		8CB00A452BE9CE9F00BF4437 /* XCRemoteSwiftPackageReference "PanModal" */ = {
			isa = XCRemoteSwiftPackageReference;
			repositoryURL = "https://github.com/slackhq/PanModal.git";
			requirement = {
				kind = upToNextMajorVersion;
				minimumVersion = 1.2.7;
			};
		};
/* End XCRemoteSwiftPackageReference section */

/* Begin XCSwiftPackageProductDependency section */
		8CB00A462BE9CE9F00BF4437 /* PanModal */ = {
			isa = XCSwiftPackageProductDependency;
			package = 8CB00A452BE9CE9F00BF4437 /* XCRemoteSwiftPackageReference "PanModal" */;
			productName = PanModal;
		};
/* End XCSwiftPackageProductDependency section */
	};
	rootObject = 84DC10AA216681E40073B9A8 /* Project object */;
}
